
Microsoft Visual Studio Solution File, Format Version 12.00
# Visual Studio Version 17
VisualStudioVersion = 17.3.32819.101
MinimumVisualStudioVersion = 10.0.40219.1
Project("{FAE04EC0-301F-11D3-BF4B-00C04F79EFBC}") = "STAAS", "STAAS.csproj", "{B365BA15-8CDD-4B55-8643-388F5FB11ECC}"
EndProject
Global
	GlobalSection(SolutionConfigurationPlatforms) = preSolution
		Debug|Any CPU = Debug|Any CPU
		Release|Any CPU = Release|Any CPU
	EndGlobalSection
	GlobalSection(ProjectConfigurationPlatforms) = postSolution
		{B365BA15-8CDD-4B55-8643-388F5FB11ECC}.Debug|Any CPU.ActiveCfg = Debug|Any CPU
		{B365BA15-8CDD-4B55-8643-388F5FB11ECC}.Debug|Any CPU.Build.0 = Debug|Any CPU
		{B365BA15-8CDD-4B55-8643-388F5FB11ECC}.Release|Any CPU.ActiveCfg = Release|Any CPU
		{B365BA15-8CDD-4B55-8643-388F5FB11ECC}.Release|Any CPU.Build.0 = Release|Any CPU
	EndGlobalSection
	GlobalSection(SolutionProperties) = preSolution
		HideSolutionNode = FALSE
	EndGlobalSection
	GlobalSection(ExtensibilityGlobals) = postSolution
		SolutionGuid = {32D6F45B-3FBE-4F2B-83B3-D9A63370D604}
	EndGlobalSection
EndGlobal
